<?xml version="1.0" encoding="utf-8"?>
<Project ToolsVersion="4.0" xmlns="http://schemas.microsoft.com/developer/msbuild/2003">
  <ItemGroup>
    <ClCompile Include="Main.cpp" />
    <ClCompile Include="DynamicLIbrary\DynamicLibrary.cpp">
      <Filter>DynamicLibrary</Filter>
    </ClCompile>
    <ClCompile Include="Hooks\IHook\IHook.cpp">
      <Filter>Hooks\IHook</Filter>
    </ClCompile>
    <ClCompile Include="Hooks\DetourHook\DetourHook.cpp">
      <Filter>Hooks\DetourHook</Filter>
    </ClCompile>
    <ClCompile Include="Hooks\DetourHook\DetourTransaction\DetourTransaction.cpp">
      <Filter>Hooks\DetourHook\DetourTransaction</Filter>
    </ClCompile>
    <ClCompile Include="Synchronization\Event\Event.cpp">
      <Filter>Sychronization\Event</Filter>
    </ClCompile>
    <ClCompile Include="Synchronization\Timer\Timer.cpp">
      <Filter>Sychronization\Timer</Filter>
    </ClCompile>
    <ClCompile Include="Synchronization\ISignalWaitable\ISignalWaitable.cpp">
      <Filter>Sychronization\ISignalWaitable</Filter>
    </ClCompile>
  </ItemGroup>
  <ItemGroup>
    <None Include="..\..\Settings\MargAVit.props" />
  </ItemGroup>
  <ItemGroup>
    <Filter Include="Common">
      <UniqueIdentifier>{88b816fe-f90e-4158-be0b-b3e9f438ba3d}</UniqueIdentifier>
    </Filter>
    <Filter Include="Hooks">
      <UniqueIdentifier>{9793ef4b-09cd-4994-808a-11f2e3612280}</UniqueIdentifier>
    </Filter>
    <Filter Include="DynamicLibrary">
      <UniqueIdentifier>{2f75fc4c-2d0c-4dc6-85b0-5682238d02e1}</UniqueIdentifier>
    </Filter>
    <Filter Include="Hooks\HookFactory">
      <UniqueIdentifier>{3bd4758d-2a08-4439-a3ee-e64d1ef20d8b}</UniqueIdentifier>
    </Filter>
    <Filter Include="Hooks\IHook">
      <UniqueIdentifier>{bcb9f9f3-fd57-48d1-b713-a7a4e4d55b12}</UniqueIdentifier>
    </Filter>
    <Filter Include="Hooks\DetourHook">
      <UniqueIdentifier>{ddf16ca6-c7ad-4f50-bf4a-8be4853efede}</UniqueIdentifier>
    </Filter>
    <Filter Include="Sychronization">
      <UniqueIdentifier>{3c0aced9-7ff4-4ef0-affc-0967140f73f2}</UniqueIdentifier>
    </Filter>
    <Filter Include="Hooks\DetourHook\DetourTransaction">
      <UniqueIdentifier>{7b0426c8-6847-4081-b415-0806a4ddccfc}</UniqueIdentifier>
    </Filter>
    <Filter Include="Sychronization\Event">
      <UniqueIdentifier>{cb5aac90-17a1-461e-b609-a5f9d15e5a98}</UniqueIdentifier>
    </Filter>
    <Filter Include="Sychronization\Timer">
      <UniqueIdentifier>{51deb8d4-7c9e-4af5-a1b3-b0c0a4c7f067}</UniqueIdentifier>
    </Filter>
    <Filter Include="AutoCloseObject">
      <UniqueIdentifier>{c9311bc6-71cb-4031-b0f2-2849678507ae}</UniqueIdentifier>
    </Filter>
    <Filter Include="Sychronization\ISignalWaitable">
      <UniqueIdentifier>{c7668fbd-894c-4f2f-8d6d-defadab5039e}</UniqueIdentifier>
    </Filter>
  </ItemGroup>
  <ItemGroup>
    <ClInclude Include="Common\MargAVitException.hpp">
      <Filter>Common</Filter>
    </ClInclude>
    <ClInclude Include="Common\MargAVitStatus.hpp">
      <Filter>Common</Filter>
    </ClInclude>
    <ClInclude Include="DynamicLIbrary\DynamicLibrary.hpp">
      <Filter>DynamicLibrary</Filter>
    </ClInclude>
    <ClInclude Include="Hooks\HookFactory\HookFactory.hpp">
      <Filter>Hooks\HookFactory</Filter>
    </ClInclude>
    <ClInclude Include="Hooks\IHook\IHook.hpp">
      <Filter>Hooks\IHook</Filter>
    </ClInclude>
    <ClInclude Include="Hooks\DetourHook\DetourHook.hpp">
      <Filter>Hooks\DetourHook</Filter>
    </ClInclude>
    <ClInclude Include="Hooks\DetourHook\DetourTransaction\DetourTransaction.hpp">
      <Filter>Hooks\DetourHook\DetourTransaction</Filter>
    </ClInclude>
    <ClInclude Include="Synchronization\Event\Event.hpp">
      <Filter>Sychronization\Event</Filter>
    </ClInclude>
    <ClInclude Include="Synchronization\Timer\Timer.hpp">
      <Filter>Sychronization\Timer</Filter>
    </ClInclude>
    <ClInclude Include="AutoCloseObject\AutoCloseObject.hpp">
      <Filter>AutoCloseObject</Filter>
    </ClInclude>
    <ClInclude Include="Synchronization\ISignalWaitable\ISignalWaitable.hpp">
      <Filter>Sychronization\ISignalWaitable</Filter>
    </ClInclude>
  </ItemGroup>
</Project>